github.com/aws/aws-sdk-go-v2 v1.41.1 h1:ABlyEARCDLN034NhxlRUSZr4l71mh+T5KAeGh6cerhU=
github.com/aws/aws-sdk-go-v2 v1.41.1/go.mod h1:MayyLB8y+buD9hZqkCW3kX1AKq07Y5pXxtgB+rRFhz0=
github.com/aws/aws-sdk-go-v2 v1.41.7 h1:DWpAJt66FmnnaRIOT/8ASTucrvuDPZASqhhLey6tLY8=
github.com/aws/aws-sdk-go-v2 v1.41.7/go.mod h1:4LAfZOPHNVNQEckOACQx60Y8pSRjIkNZQz1w92xpMJc=
github.com/aws/aws-sdk-go-v2/credentials v1.19.7 h1:tHK47VqqtJxOymRrNtUXN5SP/zUTvZKeLx4tH6PGQc8=
github.com/aws/aws-sdk-go-v2/credentials v1.19.7/go.mod h1:qOZk8sPDrxhf+4Wf4oT2urYJrYt3RejHSzgAquYeppw=
github.com/aws/smithy-go v1.24.0 h1:LpilSUItNPFr1eY85RYgTIg5eIEPtvFbskaFcmmIUnk=
github.com/aws/smithy-go v1.24.0/go.mod h1:LEj2LM3rBRQJxPZTB4KuzZkaZYnZPnvgIhb4pu07mx0=
github.com/aws/smithy-go v1.25.1 h1:J8ERsGSU7d+aCmdQur5Txg6bVoYelvQJgtZehD12GkI=
github.com/aws/smithy-go v1.25.1/go.mod h1:YE2RhdIuDbA5E5bTdciG9KrW3+TiEONeUWCqxX9i1Fc=
github.com/davecgh/go-spew v1.1.1 h1:vj9j/u1bqnvCEfJOwUhtlOARqs3+rkHYY13jYWTU97c=
github.com/davecgh/go-spew v1.1.1/go.mod h1:J7Y8YcW2NihsgmVo/mv3lAwl/skON4iLHjSsI+c5H38=
github.com/google/go-cmp v0.5.2/go.mod h1:v8dTdLbMG2kIc/vJvl+f65V22dbkXbowE6jgT/gNBxE=
github.com/google/go-cmp v0.6.0/go.mod h1:17dUlkBOakJ0+DkrSSNjCkIjxS6bF9zb3elmeNGIjoY=
github.com/google/go-cmp v0.7.0 h1:wk8382ETsv4JYUZwIsn6YpYiWiBsYLSJiTsyBybVuN8=
github.com/google/go-cmp v0.7.0/go.mod h1:pXiqmnSA92OHEEa9HXL2W4E7lf9JzCmGVUdgjX3N/iU=
github.com/google/go-github/v81 v81.0.0 h1:hTLugQRxSLD1Yei18fk4A5eYjOGLUBKAl/VCqOfFkZc=
github.com/google/go-github/v81 v81.0.0/go.mod h1:upyjaybucIbBIuxgJS7YLOZGziyvvJ92WX6WEBNE3sM=
github.com/google/go-querystring v1.1.0 h1:AnCroh3fv4ZBgVIf1Iwtovgjaw/GiKJo8M8yD/fhyJ8=
github.com/google/go-querystring v1.1.0/go.mod h1:Kcdr2DB4koayq7X8pmAG4sNG59So17icRSOU623lUBU=
github.com/google/go-querystring v1.2.0 h1:yhqkPbu2/OH+V9BfpCVPZkNmUXhb2gBxJArfhIxNtP0=
github.com/google/go-querystring v1.2.0/go.mod h1:8IFJqpSRITyJ8QhQ13bmbeMBDfmeEJZD5A0egEOmkqU=
github.com/google/uuid v1.6.0 h1:NIvaJDMOsjHA8n1jAhLSgzrAzy1Hgr+hNrb57e+94F0=
github.com/google/uuid v1.6.0/go.mod h1:TIyPZe4MgqvfeYDBFedMoGGpEw/LqOeaOT+nhxU+yHo=
github.com/plan42-ai/clock v1.1.4 h1:p7GvqjXu6aeoRGQGDpUufaCSkNsWu4faed/xTcRz91o=
github.com/plan42-ai/clock v1.1.4/go.mod h1:cnNma3ngiQrqwxoVWxSc0YcxK1whkp7i3u6Ts//789A=
github.com/plan42-ai/concurrency v1.0.4 h1:snHWAc6rfYVAstdDR/+QocxmOdf9A+lA/S+nG2Jcp8E=
github.com/plan42-ai/concurrency v1.0.4/go.mod h1:u5LP6bVGRMyUThh6z1EKulBPSexjB3hwgPVWxmHTPD4=
github.com/plan42-ai/ecies v1.0.3 h1:0EycKX4d4Ol0Y+s6chGaFJuPFvLEXBUwXfEiwImXY6U=
github.com/plan42-ai/ecies v1.0.3/go.mod h1:o/f87i4/4Ca+KLbqJB/rsbbC85NnhP+sgVN7sbKfwNE=
github.com/plan42-ai/sdk-go v1.0.107 h1:YYtHAAeHkOFAryNsuEGbdkDeg5C87rPuSbm9W5yUByM=
github.com/plan42-ai/sdk-go v1.0.107/go.mod h1:FBXrvPftVy+3kEwvTLuyOy3vQkDxX3Jwqt00zCCmcVQ=
github.com/plan42-ai/sdk-go v1.0.109 h1:vpQKvS9tWcKzpFfDKMl6gMe/ooFRMBzmYf6R/3bmcZc=
github.com/plan42-ai/sdk-go v1.0.109/go.mod h1:FBXrvPftVy+3kEwvTLuyOy3vQkDxX3Jwqt00zCCmcVQ=
github.com/plan42-ai/sigv4util v1.0.3 h1:uH8mWg8fx0tC5T4XVYe8eH02A4Riww5KpuF6ZQl49s0=
github.com/plan42-ai/sigv4util v1.0.3/go.mod h1:y+mhSjI8kFxq2kwyW4JGabL0+OERePvUI4KkwyUGyLQ=
github.com/plan42-ai/sigv4util v1.0.4 h1:mR4vRjqexNLiz3njKlSVmu9FHA/UkSmRlpRQOER+dLY=
github.com/plan42-ai/sigv4util v1.0.4/go.mod h1:y+mhSjI8kFxq2kwyW4JGabL0+OERePvUI4KkwyUGyLQ=
github.com/pmezard/go-difflib v1.0.0 h1:4DBwDE0NGyQoBHbLQYPwSUPoCMWR5BEzIk/f1lZbAQM=
github.com/pmezard/go-difflib v1.0.0/go.mod h1:iKH77koFhYxTK1pcRnkKkqfTogsbg7gZNVY4sRDYZ/4=
github.com/scottwis/persistent v1.0.8 h1:mhZkXWZYdtqcpJBjPBeaOspu/x8l7xztd4smL5jQSMk=
github.com/scottwis/persistent v1.0.8/go.mod h1:S1v17Lc5YodhzutH0cunI/Qj4som06Rap8EkE0aO2bE=
github.com/stretchr/testify v1.11.1 h1:7s2iGBzp5EwR7/aIZr8ao5+dra3wiQyKjjFuvgVKu7U=
github.com/stretchr/testify v1.11.1/go.mod h1:wZwfW3scLgRK+23gO65QZefKpKQRnfz6sD981Nm4B6U=
golang.org/x/exp v0.0.0-20260112195511-716be5621a96 h1:Z/6YuSHTLOHfNFdb8zVZomZr7cqNgTJvA8+Qz75D8gU=
golang.org/x/exp v0.0.0-20260112195511-716be5621a96/go.mod h1:nzimsREAkjBCIEFtHiYkrJyT+2uy9YZJB7H1k68CXZU=
golang.org/x/exp v0.0.0-20260508232706-74f9aab9d74a h1:+3jdDGGB8NGb1Zktc737jlt3/A5f6UlwSzmvqUuufxw=
golang.org/x/exp v0.0.0-20260508232706-74f9aab9d74a/go.mod h1:d2fgXJLVs4dYDHUk5lwMIfzRzSrWCfGZb0ZqeLa/Vcw=
golang.org/x/xerrors v0.0.0-20191204190536-9bdfabe68543/go.mod h1:I/5z698sn9Ka8TeJc9MKroUUfqBBauWjQqLJ2OPfmY0=
gopkg.in/yaml.v3 v3.0.1 h1:fxVm/GzAzEWqLHuvctI91KS9hhNmmWOoWu0XTYJS7CA=
gopkg.in/yaml.v3 v3.0.1/go.mod h1:K4uyk7z7BCEPqu6E+C64Yfv1cQ7kz7rIZviUmN+EgEM=
